# This file is autogenerated, do not edit; changes may be undone by the next 'dep ensure'.


[[projects]]
  name = "github.com/opentracing/opentracing-go"
  packages = [".","log"]
  revision = "659c90643e714681897ec2521c60567dd21da733"
  version = "v1.1.0"

[[projects]]
  name = "github.com/sony/sonyflake"
  packages = ["."]
  revision = "4ae3f1aeaadd860acf428bc6ad1cba01d7b6bfd4"
  version = "v1.0.0"

[solve-meta]
  analyzer-name = "dep"
  analyzer-version = 1
  inputs-digest = "0a8af8ddfadd6126523f8037cd11f710dd29dc0f771b7e9ff567f776a800b0fa"
  solver-name = "gps-cdcl"
  solver-version = 1
